PODS:
  - EasySpotlight (2.0.0)
  - EasySpotlight/Tests (2.0.0):
    - Nimble
    - Quick
  - Nimble (7.3.1)
  - Quick (1.3.2)
  - Realm (3.12.0):
    - Realm/Headers (= 3.12.0)
  - Realm/Headers (3.12.0)
  - RealmSwift (3.12.0):
    - Realm (= 3.12.0)
  - SwiftLint (0.29.1)

DEPENDENCIES:
  - EasySpotlight (from `../`)
  - EasySpotlight/Tests (from `../`)
  - Realm
  - RealmSwift
  - SwiftLint

SPEC REPOS:
  https://github.com/cocoapods/specs.git:
    - Nimble
    - Quick
    - Realm
    - RealmSwift
    - SwiftLint

EXTERNAL SOURCES:
  EasySpotlight:
    :path: "../"

SPEC CHECKSUMS:
  EasySpotlight: 8645239d062d41ab9adf568b31b53f196eb7ab72
  Nimble: 04f732da099ea4d153122aec8c2a88fd0c7219ae
  Quick: 2623cb30d7a7f41ca62f684f679586558f483d46
  Realm: cdaef23c4ddb36ab1ddffed23f5a7f3332fc5585
  RealmSwift: 5576324033f0aa5ef1e0a839a3da2281dff47a7f
  SwiftLint: 6772320e40b52049053a518c17db9b0634a0b45a

PODFILE CHECKSUM: f1e924331d683c6ae4a2d08ceec4f876132e4eae

COCOAPODS: 1.5.3
