PODS:
  - EasySpotlight (1.0.0)
  - Nimble (7.0.3)
  - Quick (1.2.0)
  - Realm (3.1.1):
    - Realm/Headers (= 3.1.1)
  - Realm/Headers (3.1.1)
  - RealmSwift (3.1.1):
    - Realm (= 3.1.1)
  - SwiftLint (0.25.0)

DEPENDENCIES:
  - EasySpotlight (from `../`)
  - Nimble
  - Quick
  - Realm
  - RealmSwift
  - SwiftLint

EXTERNAL SOURCES:
  EasySpotlight:
    :path: ../

SPEC CHECKSUMS:
  EasySpotlight: 00556b7d303e9e4e4927ea16496d6484241c7b17
  Nimble: 7f5a9c447a33002645a071bddafbfb24ea70e0ac
  Quick: 58d203b1c5e27fff7229c4c1ae445ad7069a7a08
  Realm: 42d1c38a5b1bbcc828b48a7ce702cb86fc68adf4
  RealmSwift: d31937ca6a6ee54acde64ec839523c0a3c04924b
  SwiftLint: e14651157288e9e01d6e1a71db7014fb5744a8ea

PODFILE CHECKSUM: 4909c2dc47a4d43a74561ffdf8fef6aba5cbc902

COCOAPODS: 1.4.0
